
Microsoft Visual Studio Solution File, Format Version 12.00
# Visual Studio Version 17
VisualStudioVersion = 17.14.36408.4 d17.14
MinimumVisualStudioVersion = 10.0.40219.1
Project("{FAE04EC0-301F-11D3-BF4B-00C04F79EFBC}") = "Library Manegment System", "Library Manegment System.csproj", "{DCF18E1A-587F-49FC-86C3-254368CE72EB}"
EndProject
Global
	GlobalSection(SolutionConfigurationPlatforms) = preSolution
		Debug|Any CPU = Debug|Any CPU
		Release|Any CPU = Release|Any CPU
	EndGlobalSection
	GlobalSection(ProjectConfigurationPlatforms) = postSolution
		{DCF18E1A-587F-49FC-86C3-254368CE72EB}.Debug|Any CPU.ActiveCfg = Debug|Any CPU
		{DCF18E1A-587F-49FC-86C3-254368CE72EB}.Debug|Any CPU.Build.0 = Debug|Any CPU
		{DCF18E1A-587F-49FC-86C3-254368CE72EB}.Release|Any CPU.ActiveCfg = Release|Any CPU
		{DCF18E1A-587F-49FC-86C3-254368CE72EB}.Release|Any CPU.Build.0 = Release|Any CPU
	EndGlobalSection
	GlobalSection(SolutionProperties) = preSolution
		HideSolutionNode = FALSE
	EndGlobalSection
	GlobalSection(ExtensibilityGlobals) = postSolution
		SolutionGuid = {636249B0-B94A-4410-A8AA-1E232881A8F8}
	EndGlobalSection
EndGlobal
